{
  "name": "thewarblernycwebsite",
  "version": "1.0.0",
  "lockfileVersion": 1,
  "requires": true,
  "dependencies": {
    "@swup/overlay-theme": {
      "version": "1.1.1",
      "resolved": "https://registry.npmjs.org/@swup/overlay-theme/-/overlay-theme-1.1.1.tgz",
      "integrity": "sha512-6LvTOcpwPvKvaGkzDR7sB9moSwM1hp+7vzT7M8hnTzUaZQ4yRo1y+ZnALZy13McUbsxqDX1Xn3CTJf34rs1sDA==",
      "requires": {
        "@swup/theme": "^1.0.7"
      }
    },
    "@swup/theme": {
      "version": "1.0.7",
      "resolved": "https://registry.npmjs.org/@swup/theme/-/theme-1.0.7.tgz",
      "integrity": "sha512-OINEaf34fYs90l7/YUUKfOf+paY7/FDhOBLwYxrD0w1OjBiItZpw3N+ATA/QklJwmoUu3KkDFOaQG0zT4KxmmA=="
    },
    "delegate": {
      "version": "3.1.3",
      "resolved": "https://registry.npmjs.org/delegate/-/delegate-3.1.3.tgz",
      "integrity": "sha1-moJRp3fXAl+qVXN7w7BxdCEnqf0="
    },
    "opencollective-postinstall": {
      "version": "2.0.3",
      "resolved": "https://registry.npmjs.org/opencollective-postinstall/-/opencollective-postinstall-2.0.3.tgz",
      "integrity": "sha512-8AV/sCtuzUeTo8gQK5qDZzARrulB3egtLzFgteqB2tcT4Mw7B8Kt7JcDHmltjz6FOAHsvTevk70gZEbhM4ZS9Q=="
    },
    "swup": {
      "version": "2.0.11",
      "resolved": "https://registry.npmjs.org/swup/-/swup-2.0.11.tgz",
      "integrity": "sha512-HqM1MhOpZB9G23l26un051j7TwHCs2Y/dY0Hk+eiPNhxhyD3CmHDhq0cNkhp//2sF6zODBfv4O/wo/WpXKzcNg==",
      "requires": {
        "delegate": "3.1.3",
        "opencollective-postinstall": "^2.0.2"
      }
    }
  }
}
